
Microsoft Visual Studio Solution File, Format Version 12.00
# Visual Studio Version 17
VisualStudioVersion = 17.3.32819.101
MinimumVisualStudioVersion = 10.0.40219.1
Project("{FAE04EC0-301F-11D3-BF4B-00C04F79EFBC}") = "LogicalProgram", "LogicalProgram\LogicalProgram.csproj", "{DF503E72-B601-4A52-B636-6826A54BD72E}"
EndProject
Global
	GlobalSection(SolutionConfigurationPlatforms) = preSolution
		Debug|Any CPU = Debug|Any CPU
		Release|Any CPU = Release|Any CPU
	EndGlobalSection
	GlobalSection(ProjectConfigurationPlatforms) = postSolution
		{DF503E72-B601-4A52-B636-6826A54BD72E}.Debug|Any CPU.ActiveCfg = Debug|Any CPU
		{DF503E72-B601-4A52-B636-6826A54BD72E}.Debug|Any CPU.Build.0 = Debug|Any CPU
		{DF503E72-B601-4A52-B636-6826A54BD72E}.Release|Any CPU.ActiveCfg = Release|Any CPU
		{DF503E72-B601-4A52-B636-6826A54BD72E}.Release|Any CPU.Build.0 = Release|Any CPU
	EndGlobalSection
	GlobalSection(SolutionProperties) = preSolution
		HideSolutionNode = FALSE
	EndGlobalSection
	GlobalSection(ExtensibilityGlobals) = postSolution
		SolutionGuid = {B430DC13-EAF7-4788-B34C-0D25106051C0}
	EndGlobalSection
EndGlobal
